DEPENDENCIES
  keboola-common
    path: .
    metadata: true

GRAPH
  curl (2.0.0)
  hostname (0.3.0)
    hostsfile (>= 0.0.0)
  hostsfile (2.4.5)
  keboola-common (0.2.0)
    hostname (~> 0.3.0)
    newrelic (~> 2.0.0)
    papertrail-rsyslog (~> 1.1.0)
    postfix (~> 3.6.0)
  newrelic (2.0.0)
    curl (>= 0.0.0)
  papertrail-rsyslog (1.1.1)
    rsyslog (~> 1.5.0)
  postfix (3.6.0)
  rsyslog (1.5.0)
